
Microsoft Visual Studio Solution File, Format Version 12.00
# Visual Studio Version 17
VisualStudioVersion = 17.7.34024.191
MinimumVisualStudioVersion = 10.0.40219.1
Project("{FAE04EC0-301F-11D3-BF4B-00C04F79EFBC}") = "Microsft learn", "Microsft learn.csproj", "{B21FE96B-1A56-48D6-8A83-207507AF5362}"
EndProject
Global
	GlobalSection(SolutionConfigurationPlatforms) = preSolution
		Debug|Any CPU = Debug|Any CPU
		Release|Any CPU = Release|Any CPU
	EndGlobalSection
	GlobalSection(ProjectConfigurationPlatforms) = postSolution
		{B21FE96B-1A56-48D6-8A83-207507AF5362}.Debug|Any CPU.ActiveCfg = Debug|Any CPU
		{B21FE96B-1A56-48D6-8A83-207507AF5362}.Debug|Any CPU.Build.0 = Debug|Any CPU
		{B21FE96B-1A56-48D6-8A83-207507AF5362}.Release|Any CPU.ActiveCfg = Release|Any CPU
		{B21FE96B-1A56-48D6-8A83-207507AF5362}.Release|Any CPU.Build.0 = Release|Any CPU
	EndGlobalSection
	GlobalSection(SolutionProperties) = preSolution
		HideSolutionNode = FALSE
	EndGlobalSection
	GlobalSection(ExtensibilityGlobals) = postSolution
		SolutionGuid = {306D738A-35C1-4EBF-80CC-6AEF4686FAC3}
	EndGlobalSection
EndGlobal
